
Microsoft Visual Studio Solution File, Format Version 12.00
# Visual Studio Version 17
VisualStudioVersion = 17.11.35208.52
MinimumVisualStudioVersion = 10.0.40219.1
Project("{FAE04EC0-301F-11D3-BF4B-00C04F79EFBC}") = "1017_20240167_최해성", "1017_20240167_최해성\1017_20240167_최해성.csproj", "{0C91D4C1-F69D-4B05-B00C-854FC9773D9C}"
EndProject
Global
	GlobalSection(SolutionConfigurationPlatforms) = preSolution
		Debug|Any CPU = Debug|Any CPU
		Release|Any CPU = Release|Any CPU
	EndGlobalSection
	GlobalSection(ProjectConfigurationPlatforms) = postSolution
		{0C91D4C1-F69D-4B05-B00C-854FC9773D9C}.Debug|Any CPU.ActiveCfg = Debug|Any CPU
		{0C91D4C1-F69D-4B05-B00C-854FC9773D9C}.Debug|Any CPU.Build.0 = Debug|Any CPU
		{0C91D4C1-F69D-4B05-B00C-854FC9773D9C}.Release|Any CPU.ActiveCfg = Release|Any CPU
		{0C91D4C1-F69D-4B05-B00C-854FC9773D9C}.Release|Any CPU.Build.0 = Release|Any CPU
	EndGlobalSection
	GlobalSection(SolutionProperties) = preSolution
		HideSolutionNode = FALSE
	EndGlobalSection
	GlobalSection(ExtensibilityGlobals) = postSolution
		SolutionGuid = {CBF496AA-E205-4402-B0B1-0B5219D398EF}
	EndGlobalSection
EndGlobal
